{
  "name": "bank-credit-card-validation",
  "version": "2.0.0",
  "lockfileVersion": 3,
  "requires": true,
  "packages": {
    "": {
      "name": "bank-credit-card-validation",
      "version": "2.0.0",
      "license": "ISC",
      "dependencies": {
        "bank-credit-card-validation": "^1.0.0"
      }
    },
    "node_modules/bank-credit-card-validation": {
      "version": "1.0.0",
      "resolved": "https://registry.npmjs.org/bank-credit-card-validation/-/bank-credit-card-validation-1.0.0.tgz",
      "integrity": "sha512-Zy5OLiC9mXLOFXwCNarDNHaifNyHgzFrZxPf8voqqyyGCr/1o16CdDaNUXetDUFDQom5dHWN7P78gworK6owiw=="
    }
  }
}
